
Microsoft Visual Studio Solution File, Format Version 11.00
# Visual Studio 2010
Project("{FAE04EC0-301F-11D3-BF4B-00C04F79EFBC}") = "SimpleCSharpAppB", "SimpleCSharpAppB\SimpleCSharpAppB.csproj", "{8047FB13-59A7-4E2F-A58A-C8285C470899}"
EndProject
Global
	GlobalSection(SolutionConfigurationPlatforms) = preSolution
		Debug|x86 = Debug|x86
		Release|x86 = Release|x86
	EndGlobalSection
	GlobalSection(ProjectConfigurationPlatforms) = postSolution
		{8047FB13-59A7-4E2F-A58A-C8285C470899}.Debug|x86.ActiveCfg = Debug|x86
		{8047FB13-59A7-4E2F-A58A-C8285C470899}.Debug|x86.Build.0 = Debug|x86
		{8047FB13-59A7-4E2F-A58A-C8285C470899}.Release|x86.ActiveCfg = Release|x86
		{8047FB13-59A7-4E2F-A58A-C8285C470899}.Release|x86.Build.0 = Release|x86
	EndGlobalSection
	GlobalSection(SolutionProperties) = preSolution
		HideSolutionNode = FALSE
	EndGlobalSection
EndGlobal
