
Microsoft Visual Studio Solution File, Format Version 11.00
# Visual Studio 2010
Project("{FAE04EC0-301F-11D3-BF4B-00C04F79EFBC}") = "MahMetroApp", "MahMetroApp\MahMetroApp.csproj", "{9AFA6F1A-D4BC-43A3-8E5C-E8B8CE792F20}"
EndProject
Global
	GlobalSection(SolutionConfigurationPlatforms) = preSolution
		Debug|x86 = Debug|x86
		Release|x86 = Release|x86
	EndGlobalSection
	GlobalSection(ProjectConfigurationPlatforms) = postSolution
		{9AFA6F1A-D4BC-43A3-8E5C-E8B8CE792F20}.Debug|x86.ActiveCfg = Debug|x86
		{9AFA6F1A-D4BC-43A3-8E5C-E8B8CE792F20}.Debug|x86.Build.0 = Debug|x86
		{9AFA6F1A-D4BC-43A3-8E5C-E8B8CE792F20}.Release|x86.ActiveCfg = Release|x86
		{9AFA6F1A-D4BC-43A3-8E5C-E8B8CE792F20}.Release|x86.Build.0 = Release|x86
	EndGlobalSection
	GlobalSection(SolutionProperties) = preSolution
		HideSolutionNode = FALSE
	EndGlobalSection
EndGlobal
